
Microsoft Visual Studio Solution File, Format Version 12.00
# Visual Studio 2012
VisualStudioVersion = 12.0.31101.0
MinimumVisualStudioVersion = 10.0.40219.1
Project("{FAE04EC0-301F-11D3-BF4B-00C04F79EFBC}") = "Telephony", "Telephony\Telephony.csproj", "{42BCAE72-088C-4C9C-810A-0E9248B25125}"
EndProject
Project("{FAE04EC0-301F-11D3-BF4B-00C04F79EFBC}") = "Telephony.iOS", "Telephony.iOS\Telephony.iOS.csproj", "{7E4977DC-D60B-4D6F-9FFE-D821221A2179}"
EndProject
Project("{FAE04EC0-301F-11D3-BF4B-00C04F79EFBC}") = "Telephony.Droid", "Telephony.Droid\Telephony.Droid.csproj", "{0E194509-B09A-4EA7-93BC-86E856979C1A}"
EndProject
Project("{2150E333-8FDC-42A3-9474-1A3956D46DE8}") = "tests", "tests", "{696E026C-CBC8-4A50-83E2-AEA0256BDD19}"
EndProject
Project("{2150E333-8FDC-42A3-9474-1A3956D46DE8}") = "samples", "samples", "{FD7F946E-77D3-4339-AD3B-CEB358B903D6}"
EndProject
Project("{FAE04EC0-301F-11D3-BF4B-00C04F79EFBC}") = "TelephonySampleApp.Droid", "..\samples\TelephonySampleApp.Droid\TelephonySampleApp.Droid.csproj", "{1F4EEEDC-6CCF-433E-9A8F-10EAE4FCAEDF}"
EndProject
Project("{FAE04EC0-301F-11D3-BF4B-00C04F79EFBC}") = "TelephonySampleApp.iOS", "..\samples\TelephonySampleApp.iOS\TelephonySampleApp.iOS.csproj", "{C14474D2-1E17-4A56-A5F0-D931C2C5D0CF}"
EndProject
Project("{FAE04EC0-301F-11D3-BF4B-00C04F79EFBC}") = "TelephonySampleApp.Core", "..\samples\TelephonySampleApp.Core\TelephonySampleApp.Core.csproj", "{CE82F5E5-2BA9-4D2E-9E7A-2DA9A3877661}"
EndProject
Project("{FAE04EC0-301F-11D3-BF4B-00C04F79EFBC}") = "TelephonySampleApp.WP8", "..\samples\TelephonySampleApp.WP8\TelephonySampleApp.WP8.csproj", "{0BC38DB7-6254-41F4-B1AA-2F1319EDBE72}"
EndProject
Project("{FAE04EC0-301F-11D3-BF4B-00C04F79EFBC}") = "TelephonySampleApp.WPA81", "..\samples\TelephonySampleApp.WPA81\TelephonySampleApp.WPA81.csproj", "{92071E00-4300-424A-AB63-9CDB896AD5ED}"
EndProject
Project("{FAE04EC0-301F-11D3-BF4B-00C04F79EFBC}") = "Telephony.WP8", "Telephony.WP8\Telephony.WP8.csproj", "{2821DC88-BF96-4861-BA8E-3BF96F4F7C6E}"
EndProject
Project("{2150E333-8FDC-42A3-9474-1A3956D46DE8}") = ".nuget", ".nuget", "{500F982F-A310-4059-839D-63422F05BEA9}"
	ProjectSection(SolutionItems) = preProject
		.nuget\NuGet.Config = .nuget\NuGet.Config
		.nuget\NuGet.exe = .nuget\NuGet.exe
		.nuget\NuGet.targets = .nuget\NuGet.targets
	EndProjectSection
EndProject
Global
	GlobalSection(SolutionConfigurationPlatforms) = preSolution
		Ad-Hoc|Any CPU = Ad-Hoc|Any CPU
		Ad-Hoc|ARM = Ad-Hoc|ARM
		Ad-Hoc|iPhone = Ad-Hoc|iPhone
		Ad-Hoc|iPhoneSimulator = Ad-Hoc|iPhoneSimulator
		Ad-Hoc|Mixed Platforms = Ad-Hoc|Mixed Platforms
		Ad-Hoc|x86 = Ad-Hoc|x86
		AppStore|Any CPU = AppStore|Any CPU
		AppStore|ARM = AppStore|ARM
		AppStore|iPhone = AppStore|iPhone
		AppStore|iPhoneSimulator = AppStore|iPhoneSimulator
		AppStore|Mixed Platforms = AppStore|Mixed Platforms
		AppStore|x86 = AppStore|x86
		Debug|Any CPU = Debug|Any CPU
		Debug|ARM = Debug|ARM
		Debug|iPhone = Debug|iPhone
		Debug|iPhoneSimulator = Debug|iPhoneSimulator
		Debug|Mixed Platforms = Debug|Mixed Platforms
		Debug|x86 = Debug|x86
		Release|Any CPU = Release|Any CPU
		Release|ARM = Release|ARM
		Release|iPhone = Release|iPhone
		Release|iPhoneSimulator = Release|iPhoneSimulator
		Release|Mixed Platforms = Release|Mixed Platforms
		Release|x86 = Release|x86
	EndGlobalSection
	GlobalSection(ProjectConfigurationPlatforms) = postSolution
		{0BC38DB7-6254-41F4-B1AA-2F1319EDBE72}.Ad-Hoc|Any CPU.ActiveCfg = Release|Any CPU
		{0BC38DB7-6254-41F4-B1AA-2F1319EDBE72}.Ad-Hoc|Any CPU.Build.0 = Release|Any CPU
		{0BC38DB7-6254-41F4-B1AA-2F1319EDBE72}.Ad-Hoc|Any CPU.Deploy.0 = Release|Any CPU
		{0BC38DB7-6254-41F4-B1AA-2F1319EDBE72}.Ad-Hoc|ARM.ActiveCfg = Release|ARM
		{0BC38DB7-6254-41F4-B1AA-2F1319EDBE72}.Ad-Hoc|ARM.Build.0 = Release|ARM
		{0BC38DB7-6254-41F4-B1AA-2F1319EDBE72}.Ad-Hoc|ARM.Deploy.0 = Release|ARM
		{0BC38DB7-6254-41F4-B1AA-2F1319EDBE72}.Ad-Hoc|iPhone.ActiveCfg = Release|Any CPU
		{0BC38DB7-6254-41F4-B1AA-2F1319EDBE72}.Ad-Hoc|iPhoneSimulator.ActiveCfg = Release|Any CPU
		{0BC38DB7-6254-41F4-B1AA-2F1319EDBE72}.Ad-Hoc|Mixed Platforms.ActiveCfg = Release|x86
		{0BC38DB7-6254-41F4-B1AA-2F1319EDBE72}.Ad-Hoc|Mixed Platforms.Build.0 = Release|x86
		{0BC38DB7-6254-41F4-B1AA-2F1319EDBE72}.Ad-Hoc|Mixed Platforms.Deploy.0 = Release|x86
		{0BC38DB7-6254-41F4-B1AA-2F1319EDBE72}.Ad-Hoc|x86.ActiveCfg = Release|x86
		{0BC38DB7-6254-41F4-B1AA-2F1319EDBE72}.Ad-Hoc|x86.Build.0 = Release|x86
		{0BC38DB7-6254-41F4-B1AA-2F1319EDBE72}.Ad-Hoc|x86.Deploy.0 = Release|x86
		{0BC38DB7-6254-41F4-B1AA-2F1319EDBE72}.AppStore|Any CPU.ActiveCfg = Release|Any CPU
		{0BC38DB7-6254-41F4-B1AA-2F1319EDBE72}.AppStore|Any CPU.Build.0 = Release|Any CPU
		{0BC38DB7-6254-41F4-B1AA-2F1319EDBE72}.AppStore|Any CPU.Deploy.0 = Release|Any CPU
		{0BC38DB7-6254-41F4-B1AA-2F1319EDBE72}.AppStore|ARM.ActiveCfg = Release|ARM
		{0BC38DB7-6254-41F4-B1AA-2F1319EDBE72}.AppStore|ARM.Build.0 = Release|ARM
		{0BC38DB7-6254-41F4-B1AA-2F1319EDBE72}.AppStore|ARM.Deploy.0 = Release|ARM
		{0BC38DB7-6254-41F4-B1AA-2F1319EDBE72}.AppStore|iPhone.ActiveCfg = Release|Any CPU
		{0BC38DB7-6254-41F4-B1AA-2F1319EDBE72}.AppStore|iPhoneSimulator.ActiveCfg = Release|Any CPU
		{0BC38DB7-6254-41F4-B1AA-2F1319EDBE72}.AppStore|Mixed Platforms.ActiveCfg = Release|x86
		{0BC38DB7-6254-41F4-B1AA-2F1319EDBE72}.AppStore|Mixed Platforms.Build.0 = Release|x86
		{0BC38DB7-6254-41F4-B1AA-2F1319EDBE72}.AppStore|Mixed Platforms.Deploy.0 = Release|x86
		{0BC38DB7-6254-41F4-B1AA-2F1319EDBE72}.AppStore|x86.ActiveCfg = Release|x86
		{0BC38DB7-6254-41F4-B1AA-2F1319EDBE72}.AppStore|x86.Build.0 = Release|x86
		{0BC38DB7-6254-41F4-B1AA-2F1319EDBE72}.AppStore|x86.Deploy.0 = Release|x86
		{0BC38DB7-6254-41F4-B1AA-2F1319EDBE72}.Debug|Any CPU.ActiveCfg = Debug|Any CPU
		{0BC38DB7-6254-41F4-B1AA-2F1319EDBE72}.Debug|Any CPU.Build.0 = Debug|Any CPU
		{0BC38DB7-6254-41F4-B1AA-2F1319EDBE72}.Debug|Any CPU.Deploy.0 = Debug|Any CPU
		{0BC38DB7-6254-41F4-B1AA-2F1319EDBE72}.Debug|ARM.ActiveCfg = Debug|ARM
		{0BC38DB7-6254-41F4-B1AA-2F1319EDBE72}.Debug|ARM.Build.0 = Debug|ARM
		{0BC38DB7-6254-41F4-B1AA-2F1319EDBE72}.Debug|ARM.Deploy.0 = Debug|ARM
		{0BC38DB7-6254-41F4-B1AA-2F1319EDBE72}.Debug|iPhone.ActiveCfg = Debug|Any CPU
		{0BC38DB7-6254-41F4-B1AA-2F1319EDBE72}.Debug|iPhoneSimulator.ActiveCfg = Debug|Any CPU
		{0BC38DB7-6254-41F4-B1AA-2F1319EDBE72}.Debug|Mixed Platforms.ActiveCfg = Debug|x86
		{0BC38DB7-6254-41F4-B1AA-2F1319EDBE72}.Debug|Mixed Platforms.Build.0 = Debug|x86
		{0BC38DB7-6254-41F4-B1AA-2F1319EDBE72}.Debug|Mixed Platforms.Deploy.0 = Debug|x86
		{0BC38DB7-6254-41F4-B1AA-2F1319EDBE72}.Debug|x86.ActiveCfg = Debug|x86
		{0BC38DB7-6254-41F4-B1AA-2F1319EDBE72}.Debug|x86.Build.0 = Debug|x86
		{0BC38DB7-6254-41F4-B1AA-2F1319EDBE72}.Debug|x86.Deploy.0 = Debug|x86
		{0BC38DB7-6254-41F4-B1AA-2F1319EDBE72}.Release|Any CPU.ActiveCfg = Release|Any CPU
		{0BC38DB7-6254-41F4-B1AA-2F1319EDBE72}.Release|Any CPU.Build.0 = Release|Any CPU
		{0BC38DB7-6254-41F4-B1AA-2F1319EDBE72}.Release|Any CPU.Deploy.0 = Release|Any CPU
		{0BC38DB7-6254-41F4-B1AA-2F1319EDBE72}.Release|ARM.ActiveCfg = Release|ARM
		{0BC38DB7-6254-41F4-B1AA-2F1319EDBE72}.Release|ARM.Build.0 = Release|ARM
		{0BC38DB7-6254-41F4-B1AA-2F1319EDBE72}.Release|ARM.Deploy.0 = Release|ARM
		{0BC38DB7-6254-41F4-B1AA-2F1319EDBE72}.Release|iPhone.ActiveCfg = Release|Any CPU
		{0BC38DB7-6254-41F4-B1AA-2F1319EDBE72}.Release|iPhoneSimulator.ActiveCfg = Release|Any CPU
		{0BC38DB7-6254-41F4-B1AA-2F1319EDBE72}.Release|Mixed Platforms.ActiveCfg = Release|x86
		{0BC38DB7-6254-41F4-B1AA-2F1319EDBE72}.Release|Mixed Platforms.Build.0 = Release|x86
		{0BC38DB7-6254-41F4-B1AA-2F1319EDBE72}.Release|Mixed Platforms.Deploy.0 = Release|x86
		{0BC38DB7-6254-41F4-B1AA-2F1319EDBE72}.Release|x86.ActiveCfg = Release|x86
		{0BC38DB7-6254-41F4-B1AA-2F1319EDBE72}.Release|x86.Build.0 = Release|x86
		{0BC38DB7-6254-41F4-B1AA-2F1319EDBE72}.Release|x86.Deploy.0 = Release|x86
		{0E194509-B09A-4EA7-93BC-86E856979C1A}.Ad-Hoc|Any CPU.ActiveCfg = Release|Any CPU
		{0E194509-B09A-4EA7-93BC-86E856979C1A}.Ad-Hoc|Any CPU.Build.0 = Release|Any CPU
		{0E194509-B09A-4EA7-93BC-86E856979C1A}.Ad-Hoc|ARM.ActiveCfg = Release|Any CPU
		{0E194509-B09A-4EA7-93BC-86E856979C1A}.Ad-Hoc|iPhone.ActiveCfg = Release|Any CPU
		{0E194509-B09A-4EA7-93BC-86E856979C1A}.Ad-Hoc|iPhoneSimulator.ActiveCfg = Release|Any CPU
		{0E194509-B09A-4EA7-93BC-86E856979C1A}.Ad-Hoc|Mixed Platforms.ActiveCfg = Release|Any CPU
		{0E194509-B09A-4EA7-93BC-86E856979C1A}.Ad-Hoc|Mixed Platforms.Build.0 = Release|Any CPU
		{0E194509-B09A-4EA7-93BC-86E856979C1A}.Ad-Hoc|x86.ActiveCfg = Release|Any CPU
		{0E194509-B09A-4EA7-93BC-86E856979C1A}.AppStore|Any CPU.ActiveCfg = Release|Any CPU
		{0E194509-B09A-4EA7-93BC-86E856979C1A}.AppStore|Any CPU.Build.0 = Release|Any CPU
		{0E194509-B09A-4EA7-93BC-86E856979C1A}.AppStore|ARM.ActiveCfg = Release|Any CPU
		{0E194509-B09A-4EA7-93BC-86E856979C1A}.AppStore|iPhone.ActiveCfg = Release|Any CPU
		{0E194509-B09A-4EA7-93BC-86E856979C1A}.AppStore|iPhoneSimulator.ActiveCfg = Release|Any CPU
		{0E194509-B09A-4EA7-93BC-86E856979C1A}.AppStore|Mixed Platforms.ActiveCfg = Release|Any CPU
		{0E194509-B09A-4EA7-93BC-86E856979C1A}.AppStore|Mixed Platforms.Build.0 = Release|Any CPU
		{0E194509-B09A-4EA7-93BC-86E856979C1A}.AppStore|x86.ActiveCfg = Release|Any CPU
		{0E194509-B09A-4EA7-93BC-86E856979C1A}.Debug|Any CPU.ActiveCfg = Debug|Any CPU
		{0E194509-B09A-4EA7-93BC-86E856979C1A}.Debug|Any CPU.Build.0 = Debug|Any CPU
		{0E194509-B09A-4EA7-93BC-86E856979C1A}.Debug|ARM.ActiveCfg = Debug|Any CPU
		{0E194509-B09A-4EA7-93BC-86E856979C1A}.Debug|ARM.Build.0 = Debug|Any CPU
		{0E194509-B09A-4EA7-93BC-86E856979C1A}.Debug|iPhone.ActiveCfg = Debug|Any CPU
		{0E194509-B09A-4EA7-93BC-86E856979C1A}.Debug|iPhoneSimulator.ActiveCfg = Debug|Any CPU
		{0E194509-B09A-4EA7-93BC-86E856979C1A}.Debug|Mixed Platforms.ActiveCfg = Debug|Any CPU
		{0E194509-B09A-4EA7-93BC-86E856979C1A}.Debug|Mixed Platforms.Build.0 = Debug|Any CPU
		{0E194509-B09A-4EA7-93BC-86E856979C1A}.Debug|x86.ActiveCfg = Debug|Any CPU
		{0E194509-B09A-4EA7-93BC-86E856979C1A}.Release|Any CPU.ActiveCfg = Release|Any CPU
		{0E194509-B09A-4EA7-93BC-86E856979C1A}.Release|Any CPU.Build.0 = Release|Any CPU
		{0E194509-B09A-4EA7-93BC-86E856979C1A}.Release|ARM.ActiveCfg = Release|Any CPU
		{0E194509-B09A-4EA7-93BC-86E856979C1A}.Release|ARM.Build.0 = Release|Any CPU
		{0E194509-B09A-4EA7-93BC-86E856979C1A}.Release|iPhone.ActiveCfg = Release|Any CPU
		{0E194509-B09A-4EA7-93BC-86E856979C1A}.Release|iPhoneSimulator.ActiveCfg = Release|Any CPU
		{0E194509-B09A-4EA7-93BC-86E856979C1A}.Release|Mixed Platforms.ActiveCfg = Release|Any CPU
		{0E194509-B09A-4EA7-93BC-86E856979C1A}.Release|Mixed Platforms.Build.0 = Release|Any CPU
		{0E194509-B09A-4EA7-93BC-86E856979C1A}.Release|x86.ActiveCfg = Release|Any CPU
		{1F4EEEDC-6CCF-433E-9A8F-10EAE4FCAEDF}.Ad-Hoc|Any CPU.ActiveCfg = Release|Any CPU
		{1F4EEEDC-6CCF-433E-9A8F-10EAE4FCAEDF}.Ad-Hoc|Any CPU.Build.0 = Release|Any CPU
		{1F4EEEDC-6CCF-433E-9A8F-10EAE4FCAEDF}.Ad-Hoc|Any CPU.Deploy.0 = Release|Any CPU
		{1F4EEEDC-6CCF-433E-9A8F-10EAE4FCAEDF}.Ad-Hoc|ARM.ActiveCfg = Release|Any CPU
		{1F4EEEDC-6CCF-433E-9A8F-10EAE4FCAEDF}.Ad-Hoc|iPhone.ActiveCfg = Release|Any CPU
		{1F4EEEDC-6CCF-433E-9A8F-10EAE4FCAEDF}.Ad-Hoc|iPhoneSimulator.ActiveCfg = Release|Any CPU
		{1F4EEEDC-6CCF-433E-9A8F-10EAE4FCAEDF}.Ad-Hoc|Mixed Platforms.ActiveCfg = Release|Any CPU
		{1F4EEEDC-6CCF-433E-9A8F-10EAE4FCAEDF}.Ad-Hoc|Mixed Platforms.Build.0 = Release|Any CPU
		{1F4EEEDC-6CCF-433E-9A8F-10EAE4FCAEDF}.Ad-Hoc|Mixed Platforms.Deploy.0 = Release|Any CPU
		{1F4EEEDC-6CCF-433E-9A8F-10EAE4FCAEDF}.Ad-Hoc|x86.ActiveCfg = Release|Any CPU
		{1F4EEEDC-6CCF-433E-9A8F-10EAE4FCAEDF}.AppStore|Any CPU.ActiveCfg = Release|Any CPU
		{1F4EEEDC-6CCF-433E-9A8F-10EAE4FCAEDF}.AppStore|Any CPU.Build.0 = Release|Any CPU
		{1F4EEEDC-6CCF-433E-9A8F-10EAE4FCAEDF}.AppStore|Any CPU.Deploy.0 = Release|Any CPU
		{1F4EEEDC-6CCF-433E-9A8F-10EAE4FCAEDF}.AppStore|ARM.ActiveCfg = Release|Any CPU
		{1F4EEEDC-6CCF-433E-9A8F-10EAE4FCAEDF}.AppStore|iPhone.ActiveCfg = Release|Any CPU
		{1F4EEEDC-6CCF-433E-9A8F-10EAE4FCAEDF}.AppStore|iPhoneSimulator.ActiveCfg = Release|Any CPU
		{1F4EEEDC-6CCF-433E-9A8F-10EAE4FCAEDF}.AppStore|Mixed Platforms.ActiveCfg = Release|Any CPU
		{1F4EEEDC-6CCF-433E-9A8F-10EAE4FCAEDF}.AppStore|Mixed Platforms.Build.0 = Release|Any CPU
		{1F4EEEDC-6CCF-433E-9A8F-10EAE4FCAEDF}.AppStore|Mixed Platforms.Deploy.0 = Release|Any CPU
		{1F4EEEDC-6CCF-433E-9A8F-10EAE4FCAEDF}.AppStore|x86.ActiveCfg = Release|Any CPU
		{1F4EEEDC-6CCF-433E-9A8F-10EAE4FCAEDF}.Debug|Any CPU.ActiveCfg = Debug|Any CPU
		{1F4EEEDC-6CCF-433E-9A8F-10EAE4FCAEDF}.Debug|Any CPU.Build.0 = Debug|Any CPU
		{1F4EEEDC-6CCF-433E-9A8F-10EAE4FCAEDF}.Debug|Any CPU.Deploy.0 = Debug|Any CPU
		{1F4EEEDC-6CCF-433E-9A8F-10EAE4FCAEDF}.Debug|ARM.ActiveCfg = Debug|Any CPU
		{1F4EEEDC-6CCF-433E-9A8F-10EAE4FCAEDF}.Debug|ARM.Build.0 = Debug|Any CPU
		{1F4EEEDC-6CCF-433E-9A8F-10EAE4FCAEDF}.Debug|iPhone.ActiveCfg = Debug|Any CPU
		{1F4EEEDC-6CCF-433E-9A8F-10EAE4FCAEDF}.Debug|iPhoneSimulator.ActiveCfg = Debug|Any CPU
		{1F4EEEDC-6CCF-433E-9A8F-10EAE4FCAEDF}.Debug|Mixed Platforms.ActiveCfg = Debug|Any CPU
		{1F4EEEDC-6CCF-433E-9A8F-10EAE4FCAEDF}.Debug|Mixed Platforms.Build.0 = Debug|Any CPU
		{1F4EEEDC-6CCF-433E-9A8F-10EAE4FCAEDF}.Debug|Mixed Platforms.Deploy.0 = Debug|Any CPU
		{1F4EEEDC-6CCF-433E-9A8F-10EAE4FCAEDF}.Debug|x86.ActiveCfg = Debug|Any CPU
		{1F4EEEDC-6CCF-433E-9A8F-10EAE4FCAEDF}.Release|Any CPU.ActiveCfg = Release|Any CPU
		{1F4EEEDC-6CCF-433E-9A8F-10EAE4FCAEDF}.Release|Any CPU.Build.0 = Release|Any CPU
		{1F4EEEDC-6CCF-433E-9A8F-10EAE4FCAEDF}.Release|Any CPU.Deploy.0 = Release|Any CPU
		{1F4EEEDC-6CCF-433E-9A8F-10EAE4FCAEDF}.Release|ARM.ActiveCfg = Release|Any CPU
		{1F4EEEDC-6CCF-433E-9A8F-10EAE4FCAEDF}.Release|ARM.Build.0 = Release|Any CPU
		{1F4EEEDC-6CCF-433E-9A8F-10EAE4FCAEDF}.Release|iPhone.ActiveCfg = Release|Any CPU
		{1F4EEEDC-6CCF-433E-9A8F-10EAE4FCAEDF}.Release|iPhoneSimulator.ActiveCfg = Release|Any CPU
		{1F4EEEDC-6CCF-433E-9A8F-10EAE4FCAEDF}.Release|Mixed Platforms.ActiveCfg = Release|Any CPU
		{1F4EEEDC-6CCF-433E-9A8F-10EAE4FCAEDF}.Release|Mixed Platforms.Build.0 = Release|Any CPU
		{1F4EEEDC-6CCF-433E-9A8F-10EAE4FCAEDF}.Release|Mixed Platforms.Deploy.0 = Release|Any CPU
		{1F4EEEDC-6CCF-433E-9A8F-10EAE4FCAEDF}.Release|x86.ActiveCfg = Release|Any CPU
		{2821DC88-BF96-4861-BA8E-3BF96F4F7C6E}.Ad-Hoc|Any CPU.ActiveCfg = Release|Any CPU
		{2821DC88-BF96-4861-BA8E-3BF96F4F7C6E}.Ad-Hoc|Any CPU.Build.0 = Release|Any CPU
		{2821DC88-BF96-4861-BA8E-3BF96F4F7C6E}.Ad-Hoc|ARM.ActiveCfg = Release|Any CPU
		{2821DC88-BF96-4861-BA8E-3BF96F4F7C6E}.Ad-Hoc|iPhone.ActiveCfg = Release|Any CPU
		{2821DC88-BF96-4861-BA8E-3BF96F4F7C6E}.Ad-Hoc|iPhoneSimulator.ActiveCfg = Release|Any CPU
		{2821DC88-BF96-4861-BA8E-3BF96F4F7C6E}.Ad-Hoc|Mixed Platforms.ActiveCfg = Release|Any CPU
		{2821DC88-BF96-4861-BA8E-3BF96F4F7C6E}.Ad-Hoc|Mixed Platforms.Build.0 = Release|Any CPU
		{2821DC88-BF96-4861-BA8E-3BF96F4F7C6E}.Ad-Hoc|x86.ActiveCfg = Release|Any CPU
		{2821DC88-BF96-4861-BA8E-3BF96F4F7C6E}.AppStore|Any CPU.ActiveCfg = Release|Any CPU
		{2821DC88-BF96-4861-BA8E-3BF96F4F7C6E}.AppStore|Any CPU.Build.0 = Release|Any CPU
		{2821DC88-BF96-4861-BA8E-3BF96F4F7C6E}.AppStore|ARM.ActiveCfg = Release|Any CPU
		{2821DC88-BF96-4861-BA8E-3BF96F4F7C6E}.AppStore|iPhone.ActiveCfg = Release|Any CPU
		{2821DC88-BF96-4861-BA8E-3BF96F4F7C6E}.AppStore|iPhoneSimulator.ActiveCfg = Release|Any CPU
		{2821DC88-BF96-4861-BA8E-3BF96F4F7C6E}.AppStore|Mixed Platforms.ActiveCfg = Release|Any CPU
		{2821DC88-BF96-4861-BA8E-3BF96F4F7C6E}.AppStore|Mixed Platforms.Build.0 = Release|Any CPU
		{2821DC88-BF96-4861-BA8E-3BF96F4F7C6E}.AppStore|x86.ActiveCfg = Release|Any CPU
		{2821DC88-BF96-4861-BA8E-3BF96F4F7C6E}.Debug|Any CPU.ActiveCfg = Debug|Any CPU
		{2821DC88-BF96-4861-BA8E-3BF96F4F7C6E}.Debug|Any CPU.Build.0 = Debug|Any CPU
		{2821DC88-BF96-4861-BA8E-3BF96F4F7C6E}.Debug|ARM.ActiveCfg = Debug|Any CPU
		{2821DC88-BF96-4861-BA8E-3BF96F4F7C6E}.Debug|ARM.Build.0 = Debug|Any CPU
		{2821DC88-BF96-4861-BA8E-3BF96F4F7C6E}.Debug|iPhone.ActiveCfg = Debug|Any CPU
		{2821DC88-BF96-4861-BA8E-3BF96F4F7C6E}.Debug|iPhone.Build.0 = Debug|Any CPU
		{2821DC88-BF96-4861-BA8E-3BF96F4F7C6E}.Debug|iPhoneSimulator.ActiveCfg = Debug|Any CPU
		{2821DC88-BF96-4861-BA8E-3BF96F4F7C6E}.Debug|Mixed Platforms.ActiveCfg = Debug|Any CPU
		{2821DC88-BF96-4861-BA8E-3BF96F4F7C6E}.Debug|Mixed Platforms.Build.0 = Debug|Any CPU
		{2821DC88-BF96-4861-BA8E-3BF96F4F7C6E}.Debug|x86.ActiveCfg = Debug|Any CPU
		{2821DC88-BF96-4861-BA8E-3BF96F4F7C6E}.Release|Any CPU.ActiveCfg = Release|Any CPU
		{2821DC88-BF96-4861-BA8E-3BF96F4F7C6E}.Release|Any CPU.Build.0 = Release|Any CPU
		{2821DC88-BF96-4861-BA8E-3BF96F4F7C6E}.Release|ARM.ActiveCfg = Release|Any CPU
		{2821DC88-BF96-4861-BA8E-3BF96F4F7C6E}.Release|ARM.Build.0 = Release|Any CPU
		{2821DC88-BF96-4861-BA8E-3BF96F4F7C6E}.Release|iPhone.ActiveCfg = Release|Any CPU
		{2821DC88-BF96-4861-BA8E-3BF96F4F7C6E}.Release|iPhoneSimulator.ActiveCfg = Release|Any CPU
		{2821DC88-BF96-4861-BA8E-3BF96F4F7C6E}.Release|Mixed Platforms.ActiveCfg = Release|Any CPU
		{2821DC88-BF96-4861-BA8E-3BF96F4F7C6E}.Release|Mixed Platforms.Build.0 = Release|Any CPU
		{2821DC88-BF96-4861-BA8E-3BF96F4F7C6E}.Release|x86.ActiveCfg = Release|Any CPU
		{42BCAE72-088C-4C9C-810A-0E9248B25125}.Ad-Hoc|Any CPU.ActiveCfg = Release|Any CPU
		{42BCAE72-088C-4C9C-810A-0E9248B25125}.Ad-Hoc|Any CPU.Build.0 = Release|Any CPU
		{42BCAE72-088C-4C9C-810A-0E9248B25125}.Ad-Hoc|ARM.ActiveCfg = Release|Any CPU
		{42BCAE72-088C-4C9C-810A-0E9248B25125}.Ad-Hoc|iPhone.ActiveCfg = Release|Any CPU
		{42BCAE72-088C-4C9C-810A-0E9248B25125}.Ad-Hoc|iPhoneSimulator.ActiveCfg = Release|Any CPU
		{42BCAE72-088C-4C9C-810A-0E9248B25125}.Ad-Hoc|Mixed Platforms.ActiveCfg = Release|Any CPU
		{42BCAE72-088C-4C9C-810A-0E9248B25125}.Ad-Hoc|Mixed Platforms.Build.0 = Release|Any CPU
		{42BCAE72-088C-4C9C-810A-0E9248B25125}.Ad-Hoc|x86.ActiveCfg = Release|Any CPU
		{42BCAE72-088C-4C9C-810A-0E9248B25125}.AppStore|Any CPU.ActiveCfg = Release|Any CPU
		{42BCAE72-088C-4C9C-810A-0E9248B25125}.AppStore|Any CPU.Build.0 = Release|Any CPU
		{42BCAE72-088C-4C9C-810A-0E9248B25125}.AppStore|ARM.ActiveCfg = Release|Any CPU
		{42BCAE72-088C-4C9C-810A-0E9248B25125}.AppStore|iPhone.ActiveCfg = Release|Any CPU
		{42BCAE72-088C-4C9C-810A-0E9248B25125}.AppStore|iPhoneSimulator.ActiveCfg = Release|Any CPU
		{42BCAE72-088C-4C9C-810A-0E9248B25125}.AppStore|Mixed Platforms.ActiveCfg = Release|Any CPU
		{42BCAE72-088C-4C9C-810A-0E9248B25125}.AppStore|Mixed Platforms.Build.0 = Release|Any CPU
		{42BCAE72-088C-4C9C-810A-0E9248B25125}.AppStore|x86.ActiveCfg = Release|Any CPU
		{42BCAE72-088C-4C9C-810A-0E9248B25125}.Debug|Any CPU.ActiveCfg = Debug|Any CPU
		{42BCAE72-088C-4C9C-810A-0E9248B25125}.Debug|Any CPU.Build.0 = Debug|Any CPU
		{42BCAE72-088C-4C9C-810A-0E9248B25125}.Debug|ARM.ActiveCfg = Debug|Any CPU
		{42BCAE72-088C-4C9C-810A-0E9248B25125}.Debug|ARM.Build.0 = Debug|Any CPU
		{42BCAE72-088C-4C9C-810A-0E9248B25125}.Debug|iPhone.ActiveCfg = Debug|Any CPU
		{42BCAE72-088C-4C9C-810A-0E9248B25125}.Debug|iPhone.Build.0 = Debug|Any CPU
		{42BCAE72-088C-4C9C-810A-0E9248B25125}.Debug|iPhoneSimulator.ActiveCfg = Debug|Any CPU
		{42BCAE72-088C-4C9C-810A-0E9248B25125}.Debug|iPhoneSimulator.Build.0 = Debug|Any CPU
		{42BCAE72-088C-4C9C-810A-0E9248B25125}.Debug|Mixed Platforms.ActiveCfg = Debug|Any CPU
		{42BCAE72-088C-4C9C-810A-0E9248B25125}.Debug|Mixed Platforms.Build.0 = Debug|Any CPU
		{42BCAE72-088C-4C9C-810A-0E9248B25125}.Debug|x86.ActiveCfg = Debug|Any CPU
		{42BCAE72-088C-4C9C-810A-0E9248B25125}.Debug|x86.Build.0 = Debug|Any CPU
		{42BCAE72-088C-4C9C-810A-0E9248B25125}.Release|Any CPU.ActiveCfg = Release|Any CPU
		{42BCAE72-088C-4C9C-810A-0E9248B25125}.Release|Any CPU.Build.0 = Release|Any CPU
		{42BCAE72-088C-4C9C-810A-0E9248B25125}.Release|ARM.ActiveCfg = Release|Any CPU
		{42BCAE72-088C-4C9C-810A-0E9248B25125}.Release|ARM.Build.0 = Release|Any CPU
		{42BCAE72-088C-4C9C-810A-0E9248B25125}.Release|iPhone.ActiveCfg = Release|Any CPU
		{42BCAE72-088C-4C9C-810A-0E9248B25125}.Release|iPhone.Build.0 = Release|Any CPU
		{42BCAE72-088C-4C9C-810A-0E9248B25125}.Release|iPhoneSimulator.ActiveCfg = Release|Any CPU
		{42BCAE72-088C-4C9C-810A-0E9248B25125}.Release|iPhoneSimulator.Build.0 = Release|Any CPU
		{42BCAE72-088C-4C9C-810A-0E9248B25125}.Release|Mixed Platforms.ActiveCfg = Release|Any CPU
		{42BCAE72-088C-4C9C-810A-0E9248B25125}.Release|Mixed Platforms.Build.0 = Release|Any CPU
		{42BCAE72-088C-4C9C-810A-0E9248B25125}.Release|x86.ActiveCfg = Release|Any CPU
		{7E4977DC-D60B-4D6F-9FFE-D821221A2179}.Ad-Hoc|Any CPU.ActiveCfg = Release|Any CPU
		{7E4977DC-D60B-4D6F-9FFE-D821221A2179}.Ad-Hoc|Any CPU.Build.0 = Release|Any CPU
		{7E4977DC-D60B-4D6F-9FFE-D821221A2179}.Ad-Hoc|ARM.ActiveCfg = Release|Any CPU
		{7E4977DC-D60B-4D6F-9FFE-D821221A2179}.Ad-Hoc|iPhone.ActiveCfg = Release|Any CPU
		{7E4977DC-D60B-4D6F-9FFE-D821221A2179}.Ad-Hoc|iPhoneSimulator.ActiveCfg = Release|Any CPU
		{7E4977DC-D60B-4D6F-9FFE-D821221A2179}.Ad-Hoc|Mixed Platforms.ActiveCfg = Release|Any CPU
		{7E4977DC-D60B-4D6F-9FFE-D821221A2179}.Ad-Hoc|Mixed Platforms.Build.0 = Release|Any CPU
		{7E4977DC-D60B-4D6F-9FFE-D821221A2179}.Ad-Hoc|x86.ActiveCfg = Release|Any CPU
		{7E4977DC-D60B-4D6F-9FFE-D821221A2179}.AppStore|Any CPU.ActiveCfg = Release|Any CPU
		{7E4977DC-D60B-4D6F-9FFE-D821221A2179}.AppStore|Any CPU.Build.0 = Release|Any CPU
		{7E4977DC-D60B-4D6F-9FFE-D821221A2179}.AppStore|ARM.ActiveCfg = Release|Any CPU
		{7E4977DC-D60B-4D6F-9FFE-D821221A2179}.AppStore|iPhone.ActiveCfg = Release|Any CPU
		{7E4977DC-D60B-4D6F-9FFE-D821221A2179}.AppStore|iPhoneSimulator.ActiveCfg = Release|Any CPU
		{7E4977DC-D60B-4D6F-9FFE-D821221A2179}.AppStore|Mixed Platforms.ActiveCfg = Release|Any CPU
		{7E4977DC-D60B-4D6F-9FFE-D821221A2179}.AppStore|Mixed Platforms.Build.0 = Release|Any CPU
		{7E4977DC-D60B-4D6F-9FFE-D821221A2179}.AppStore|x86.ActiveCfg = Release|Any CPU
		{7E4977DC-D60B-4D6F-9FFE-D821221A2179}.Debug|Any CPU.ActiveCfg = Debug|Any CPU
		{7E4977DC-D60B-4D6F-9FFE-D821221A2179}.Debug|Any CPU.Build.0 = Debug|Any CPU
		{7E4977DC-D60B-4D6F-9FFE-D821221A2179}.Debug|ARM.ActiveCfg = Debug|Any CPU
		{7E4977DC-D60B-4D6F-9FFE-D821221A2179}.Debug|iPhone.ActiveCfg = Debug|Any CPU
		{7E4977DC-D60B-4D6F-9FFE-D821221A2179}.Debug|iPhone.Build.0 = Debug|Any CPU
		{7E4977DC-D60B-4D6F-9FFE-D821221A2179}.Debug|iPhoneSimulator.ActiveCfg = Debug|Any CPU
		{7E4977DC-D60B-4D6F-9FFE-D821221A2179}.Debug|iPhoneSimulator.Build.0 = Debug|Any CPU
		{7E4977DC-D60B-4D6F-9FFE-D821221A2179}.Debug|Mixed Platforms.ActiveCfg = Debug|Any CPU
		{7E4977DC-D60B-4D6F-9FFE-D821221A2179}.Debug|Mixed Platforms.Build.0 = Debug|Any CPU
		{7E4977DC-D60B-4D6F-9FFE-D821221A2179}.Debug|x86.ActiveCfg = Debug|Any CPU
		{7E4977DC-D60B-4D6F-9FFE-D821221A2179}.Release|Any CPU.ActiveCfg = Release|Any CPU
		{7E4977DC-D60B-4D6F-9FFE-D821221A2179}.Release|Any CPU.Build.0 = Release|Any CPU
		{7E4977DC-D60B-4D6F-9FFE-D821221A2179}.Release|ARM.ActiveCfg = Release|Any CPU
		{7E4977DC-D60B-4D6F-9FFE-D821221A2179}.Release|iPhone.ActiveCfg = Release|Any CPU
		{7E4977DC-D60B-4D6F-9FFE-D821221A2179}.Release|iPhone.Build.0 = Release|Any CPU
		{7E4977DC-D60B-4D6F-9FFE-D821221A2179}.Release|iPhoneSimulator.ActiveCfg = Release|Any CPU
		{7E4977DC-D60B-4D6F-9FFE-D821221A2179}.Release|iPhoneSimulator.Build.0 = Release|Any CPU
		{7E4977DC-D60B-4D6F-9FFE-D821221A2179}.Release|Mixed Platforms.ActiveCfg = Release|Any CPU
		{7E4977DC-D60B-4D6F-9FFE-D821221A2179}.Release|Mixed Platforms.Build.0 = Release|Any CPU
		{7E4977DC-D60B-4D6F-9FFE-D821221A2179}.Release|x86.ActiveCfg = Release|Any CPU
		{92071E00-4300-424A-AB63-9CDB896AD5ED}.Ad-Hoc|Any CPU.ActiveCfg = Release|Any CPU
		{92071E00-4300-424A-AB63-9CDB896AD5ED}.Ad-Hoc|Any CPU.Build.0 = Release|Any CPU
		{92071E00-4300-424A-AB63-9CDB896AD5ED}.Ad-Hoc|Any CPU.Deploy.0 = Release|Any CPU
		{92071E00-4300-424A-AB63-9CDB896AD5ED}.Ad-Hoc|ARM.ActiveCfg = Release|ARM
		{92071E00-4300-424A-AB63-9CDB896AD5ED}.Ad-Hoc|ARM.Build.0 = Release|ARM
		{92071E00-4300-424A-AB63-9CDB896AD5ED}.Ad-Hoc|ARM.Deploy.0 = Release|ARM
		{92071E00-4300-424A-AB63-9CDB896AD5ED}.Ad-Hoc|iPhone.ActiveCfg = Release|Any CPU
		{92071E00-4300-424A-AB63-9CDB896AD5ED}.Ad-Hoc|iPhoneSimulator.ActiveCfg = Release|Any CPU
		{92071E00-4300-424A-AB63-9CDB896AD5ED}.Ad-Hoc|Mixed Platforms.ActiveCfg = Release|x86
		{92071E00-4300-424A-AB63-9CDB896AD5ED}.Ad-Hoc|Mixed Platforms.Build.0 = Release|x86
		{92071E00-4300-424A-AB63-9CDB896AD5ED}.Ad-Hoc|Mixed Platforms.Deploy.0 = Release|x86
		{92071E00-4300-424A-AB63-9CDB896AD5ED}.Ad-Hoc|x86.ActiveCfg = Release|x86
		{92071E00-4300-424A-AB63-9CDB896AD5ED}.Ad-Hoc|x86.Build.0 = Release|x86
		{92071E00-4300-424A-AB63-9CDB896AD5ED}.Ad-Hoc|x86.Deploy.0 = Release|x86
		{92071E00-4300-424A-AB63-9CDB896AD5ED}.AppStore|Any CPU.ActiveCfg = Release|Any CPU
		{92071E00-4300-424A-AB63-9CDB896AD5ED}.AppStore|Any CPU.Build.0 = Release|Any CPU
		{92071E00-4300-424A-AB63-9CDB896AD5ED}.AppStore|Any CPU.Deploy.0 = Release|Any CPU
		{92071E00-4300-424A-AB63-9CDB896AD5ED}.AppStore|ARM.ActiveCfg = Release|ARM
		{92071E00-4300-424A-AB63-9CDB896AD5ED}.AppStore|ARM.Build.0 = Release|ARM
		{92071E00-4300-424A-AB63-9CDB896AD5ED}.AppStore|ARM.Deploy.0 = Release|ARM
		{92071E00-4300-424A-AB63-9CDB896AD5ED}.AppStore|iPhone.ActiveCfg = Release|Any CPU
		{92071E00-4300-424A-AB63-9CDB896AD5ED}.AppStore|iPhoneSimulator.ActiveCfg = Release|Any CPU
		{92071E00-4300-424A-AB63-9CDB896AD5ED}.AppStore|Mixed Platforms.ActiveCfg = Release|x86
		{92071E00-4300-424A-AB63-9CDB896AD5ED}.AppStore|Mixed Platforms.Build.0 = Release|x86
		{92071E00-4300-424A-AB63-9CDB896AD5ED}.AppStore|Mixed Platforms.Deploy.0 = Release|x86
		{92071E00-4300-424A-AB63-9CDB896AD5ED}.AppStore|x86.ActiveCfg = Release|x86
		{92071E00-4300-424A-AB63-9CDB896AD5ED}.AppStore|x86.Build.0 = Release|x86
		{92071E00-4300-424A-AB63-9CDB896AD5ED}.AppStore|x86.Deploy.0 = Release|x86
		{92071E00-4300-424A-AB63-9CDB896AD5ED}.Debug|Any CPU.ActiveCfg = Debug|Any CPU
		{92071E00-4300-424A-AB63-9CDB896AD5ED}.Debug|Any CPU.Build.0 = Debug|Any CPU
		{92071E00-4300-424A-AB63-9CDB896AD5ED}.Debug|Any CPU.Deploy.0 = Debug|Any CPU
		{92071E00-4300-424A-AB63-9CDB896AD5ED}.Debug|ARM.ActiveCfg = Debug|ARM
		{92071E00-4300-424A-AB63-9CDB896AD5ED}.Debug|ARM.Build.0 = Debug|ARM
		{92071E00-4300-424A-AB63-9CDB896AD5ED}.Debug|ARM.Deploy.0 = Debug|ARM
		{92071E00-4300-424A-AB63-9CDB896AD5ED}.Debug|iPhone.ActiveCfg = Debug|Any CPU
		{92071E00-4300-424A-AB63-9CDB896AD5ED}.Debug|iPhoneSimulator.ActiveCfg = Debug|Any CPU
		{92071E00-4300-424A-AB63-9CDB896AD5ED}.Debug|Mixed Platforms.ActiveCfg = Debug|x86
		{92071E00-4300-424A-AB63-9CDB896AD5ED}.Debug|Mixed Platforms.Build.0 = Debug|x86
		{92071E00-4300-424A-AB63-9CDB896AD5ED}.Debug|Mixed Platforms.Deploy.0 = Debug|x86
		{92071E00-4300-424A-AB63-9CDB896AD5ED}.Debug|x86.ActiveCfg = Debug|x86
		{92071E00-4300-424A-AB63-9CDB896AD5ED}.Debug|x86.Build.0 = Debug|x86
		{92071E00-4300-424A-AB63-9CDB896AD5ED}.Debug|x86.Deploy.0 = Debug|x86
		{92071E00-4300-424A-AB63-9CDB896AD5ED}.Release|Any CPU.ActiveCfg = Release|Any CPU
		{92071E00-4300-424A-AB63-9CDB896AD5ED}.Release|Any CPU.Build.0 = Release|Any CPU
		{92071E00-4300-424A-AB63-9CDB896AD5ED}.Release|Any CPU.Deploy.0 = Release|Any CPU
		{92071E00-4300-424A-AB63-9CDB896AD5ED}.Release|ARM.ActiveCfg = Release|ARM
		{92071E00-4300-424A-AB63-9CDB896AD5ED}.Release|ARM.Build.0 = Release|ARM
		{92071E00-4300-424A-AB63-9CDB896AD5ED}.Release|ARM.Deploy.0 = Release|ARM
		{92071E00-4300-424A-AB63-9CDB896AD5ED}.Release|iPhone.ActiveCfg = Release|Any CPU
		{92071E00-4300-424A-AB63-9CDB896AD5ED}.Release|iPhoneSimulator.ActiveCfg = Release|Any CPU
		{92071E00-4300-424A-AB63-9CDB896AD5ED}.Release|Mixed Platforms.ActiveCfg = Release|x86
		{92071E00-4300-424A-AB63-9CDB896AD5ED}.Release|Mixed Platforms.Build.0 = Release|x86
		{92071E00-4300-424A-AB63-9CDB896AD5ED}.Release|Mixed Platforms.Deploy.0 = Release|x86
		{92071E00-4300-424A-AB63-9CDB896AD5ED}.Release|x86.ActiveCfg = Release|x86
		{92071E00-4300-424A-AB63-9CDB896AD5ED}.Release|x86.Build.0 = Release|x86
		{92071E00-4300-424A-AB63-9CDB896AD5ED}.Release|x86.Deploy.0 = Release|x86
		{C14474D2-1E17-4A56-A5F0-D931C2C5D0CF}.Ad-Hoc|Any CPU.ActiveCfg = Ad-Hoc|iPhone
		{C14474D2-1E17-4A56-A5F0-D931C2C5D0CF}.Ad-Hoc|ARM.ActiveCfg = Ad-Hoc|iPhone
		{C14474D2-1E17-4A56-A5F0-D931C2C5D0CF}.Ad-Hoc|iPhone.ActiveCfg = Ad-Hoc|iPhone
		{C14474D2-1E17-4A56-A5F0-D931C2C5D0CF}.Ad-Hoc|iPhone.Build.0 = Ad-Hoc|iPhone
		{C14474D2-1E17-4A56-A5F0-D931C2C5D0CF}.Ad-Hoc|iPhoneSimulator.ActiveCfg = Ad-Hoc|iPhoneSimulator
		{C14474D2-1E17-4A56-A5F0-D931C2C5D0CF}.Ad-Hoc|iPhoneSimulator.Build.0 = Ad-Hoc|iPhoneSimulator
		{C14474D2-1E17-4A56-A5F0-D931C2C5D0CF}.Ad-Hoc|Mixed Platforms.ActiveCfg = Ad-Hoc|iPhone
		{C14474D2-1E17-4A56-A5F0-D931C2C5D0CF}.Ad-Hoc|Mixed Platforms.Build.0 = Ad-Hoc|iPhone
		{C14474D2-1E17-4A56-A5F0-D931C2C5D0CF}.Ad-Hoc|x86.ActiveCfg = Ad-Hoc|iPhone
		{C14474D2-1E17-4A56-A5F0-D931C2C5D0CF}.AppStore|Any CPU.ActiveCfg = AppStore|iPhone
		{C14474D2-1E17-4A56-A5F0-D931C2C5D0CF}.AppStore|ARM.ActiveCfg = AppStore|iPhone
		{C14474D2-1E17-4A56-A5F0-D931C2C5D0CF}.AppStore|iPhone.ActiveCfg = AppStore|iPhone
		{C14474D2-1E17-4A56-A5F0-D931C2C5D0CF}.AppStore|iPhone.Build.0 = AppStore|iPhone
		{C14474D2-1E17-4A56-A5F0-D931C2C5D0CF}.AppStore|iPhoneSimulator.ActiveCfg = AppStore|iPhoneSimulator
		{C14474D2-1E17-4A56-A5F0-D931C2C5D0CF}.AppStore|iPhoneSimulator.Build.0 = AppStore|iPhoneSimulator
		{C14474D2-1E17-4A56-A5F0-D931C2C5D0CF}.AppStore|Mixed Platforms.ActiveCfg = AppStore|iPhone
		{C14474D2-1E17-4A56-A5F0-D931C2C5D0CF}.AppStore|Mixed Platforms.Build.0 = AppStore|iPhone
		{C14474D2-1E17-4A56-A5F0-D931C2C5D0CF}.AppStore|x86.ActiveCfg = AppStore|iPhone
		{C14474D2-1E17-4A56-A5F0-D931C2C5D0CF}.Debug|Any CPU.ActiveCfg = Debug|iPhone
		{C14474D2-1E17-4A56-A5F0-D931C2C5D0CF}.Debug|ARM.ActiveCfg = Debug|iPhone
		{C14474D2-1E17-4A56-A5F0-D931C2C5D0CF}.Debug|iPhone.ActiveCfg = Debug|iPhone
		{C14474D2-1E17-4A56-A5F0-D931C2C5D0CF}.Debug|iPhone.Build.0 = Debug|iPhone
		{C14474D2-1E17-4A56-A5F0-D931C2C5D0CF}.Debug|iPhoneSimulator.ActiveCfg = Debug|iPhoneSimulator
		{C14474D2-1E17-4A56-A5F0-D931C2C5D0CF}.Debug|iPhoneSimulator.Build.0 = Debug|iPhoneSimulator
		{C14474D2-1E17-4A56-A5F0-D931C2C5D0CF}.Debug|Mixed Platforms.ActiveCfg = Debug|iPhone
		{C14474D2-1E17-4A56-A5F0-D931C2C5D0CF}.Debug|Mixed Platforms.Build.0 = Debug|iPhone
		{C14474D2-1E17-4A56-A5F0-D931C2C5D0CF}.Debug|x86.ActiveCfg = Debug|iPhone
		{C14474D2-1E17-4A56-A5F0-D931C2C5D0CF}.Release|Any CPU.ActiveCfg = Release|iPhone
		{C14474D2-1E17-4A56-A5F0-D931C2C5D0CF}.Release|ARM.ActiveCfg = Release|iPhone
		{C14474D2-1E17-4A56-A5F0-D931C2C5D0CF}.Release|iPhone.ActiveCfg = Release|iPhone
		{C14474D2-1E17-4A56-A5F0-D931C2C5D0CF}.Release|iPhone.Build.0 = Release|iPhone
		{C14474D2-1E17-4A56-A5F0-D931C2C5D0CF}.Release|iPhoneSimulator.ActiveCfg = Release|iPhoneSimulator
		{C14474D2-1E17-4A56-A5F0-D931C2C5D0CF}.Release|iPhoneSimulator.Build.0 = Release|iPhoneSimulator
		{C14474D2-1E17-4A56-A5F0-D931C2C5D0CF}.Release|Mixed Platforms.ActiveCfg = Release|iPhone
		{C14474D2-1E17-4A56-A5F0-D931C2C5D0CF}.Release|Mixed Platforms.Build.0 = Release|iPhone
		{C14474D2-1E17-4A56-A5F0-D931C2C5D0CF}.Release|x86.ActiveCfg = Release|iPhone
		{CE82F5E5-2BA9-4D2E-9E7A-2DA9A3877661}.Ad-Hoc|Any CPU.ActiveCfg = Release|Any CPU
		{CE82F5E5-2BA9-4D2E-9E7A-2DA9A3877661}.Ad-Hoc|Any CPU.Build.0 = Release|Any CPU
		{CE82F5E5-2BA9-4D2E-9E7A-2DA9A3877661}.Ad-Hoc|ARM.ActiveCfg = Release|Any CPU
		{CE82F5E5-2BA9-4D2E-9E7A-2DA9A3877661}.Ad-Hoc|iPhone.ActiveCfg = Release|Any CPU
		{CE82F5E5-2BA9-4D2E-9E7A-2DA9A3877661}.Ad-Hoc|iPhoneSimulator.ActiveCfg = Release|Any CPU
		{CE82F5E5-2BA9-4D2E-9E7A-2DA9A3877661}.Ad-Hoc|Mixed Platforms.ActiveCfg = Release|Any CPU
		{CE82F5E5-2BA9-4D2E-9E7A-2DA9A3877661}.Ad-Hoc|Mixed Platforms.Build.0 = Release|Any CPU
		{CE82F5E5-2BA9-4D2E-9E7A-2DA9A3877661}.Ad-Hoc|x86.ActiveCfg = Release|Any CPU
		{CE82F5E5-2BA9-4D2E-9E7A-2DA9A3877661}.AppStore|Any CPU.ActiveCfg = Release|Any CPU
		{CE82F5E5-2BA9-4D2E-9E7A-2DA9A3877661}.AppStore|Any CPU.Build.0 = Release|Any CPU
		{CE82F5E5-2BA9-4D2E-9E7A-2DA9A3877661}.AppStore|ARM.ActiveCfg = Release|Any CPU
		{CE82F5E5-2BA9-4D2E-9E7A-2DA9A3877661}.AppStore|iPhone.ActiveCfg = Release|Any CPU
		{CE82F5E5-2BA9-4D2E-9E7A-2DA9A3877661}.AppStore|iPhoneSimulator.ActiveCfg = Release|Any CPU
		{CE82F5E5-2BA9-4D2E-9E7A-2DA9A3877661}.AppStore|Mixed Platforms.ActiveCfg = Release|Any CPU
		{CE82F5E5-2BA9-4D2E-9E7A-2DA9A3877661}.AppStore|Mixed Platforms.Build.0 = Release|Any CPU
		{CE82F5E5-2BA9-4D2E-9E7A-2DA9A3877661}.AppStore|x86.ActiveCfg = Release|Any CPU
		{CE82F5E5-2BA9-4D2E-9E7A-2DA9A3877661}.Debug|Any CPU.ActiveCfg = Debug|Any CPU
		{CE82F5E5-2BA9-4D2E-9E7A-2DA9A3877661}.Debug|Any CPU.Build.0 = Debug|Any CPU
		{CE82F5E5-2BA9-4D2E-9E7A-2DA9A3877661}.Debug|ARM.ActiveCfg = Debug|Any CPU
		{CE82F5E5-2BA9-4D2E-9E7A-2DA9A3877661}.Debug|iPhone.ActiveCfg = Debug|Any CPU
		{CE82F5E5-2BA9-4D2E-9E7A-2DA9A3877661}.Debug|iPhone.Build.0 = Debug|Any CPU
		{CE82F5E5-2BA9-4D2E-9E7A-2DA9A3877661}.Debug|iPhoneSimulator.ActiveCfg = Debug|Any CPU
		{CE82F5E5-2BA9-4D2E-9E7A-2DA9A3877661}.Debug|iPhoneSimulator.Build.0 = Debug|Any CPU
		{CE82F5E5-2BA9-4D2E-9E7A-2DA9A3877661}.Debug|Mixed Platforms.ActiveCfg = Debug|Any CPU
		{CE82F5E5-2BA9-4D2E-9E7A-2DA9A3877661}.Debug|Mixed Platforms.Build.0 = Debug|Any CPU
		{CE82F5E5-2BA9-4D2E-9E7A-2DA9A3877661}.Debug|x86.ActiveCfg = Debug|Any CPU
		{CE82F5E5-2BA9-4D2E-9E7A-2DA9A3877661}.Debug|x86.Build.0 = Debug|Any CPU
		{CE82F5E5-2BA9-4D2E-9E7A-2DA9A3877661}.Release|Any CPU.ActiveCfg = Release|Any CPU
		{CE82F5E5-2BA9-4D2E-9E7A-2DA9A3877661}.Release|Any CPU.Build.0 = Release|Any CPU
		{CE82F5E5-2BA9-4D2E-9E7A-2DA9A3877661}.Release|ARM.ActiveCfg = Release|Any CPU
		{CE82F5E5-2BA9-4D2E-9E7A-2DA9A3877661}.Release|ARM.Build.0 = Release|Any CPU
		{CE82F5E5-2BA9-4D2E-9E7A-2DA9A3877661}.Release|iPhone.ActiveCfg = Release|Any CPU
		{CE82F5E5-2BA9-4D2E-9E7A-2DA9A3877661}.Release|iPhone.Build.0 = Release|Any CPU
		{CE82F5E5-2BA9-4D2E-9E7A-2DA9A3877661}.Release|iPhoneSimulator.ActiveCfg = Release|Any CPU
		{CE82F5E5-2BA9-4D2E-9E7A-2DA9A3877661}.Release|iPhoneSimulator.Build.0 = Release|Any CPU
		{CE82F5E5-2BA9-4D2E-9E7A-2DA9A3877661}.Release|Mixed Platforms.ActiveCfg = Release|Any CPU
		{CE82F5E5-2BA9-4D2E-9E7A-2DA9A3877661}.Release|Mixed Platforms.Build.0 = Release|Any CPU
		{CE82F5E5-2BA9-4D2E-9E7A-2DA9A3877661}.Release|x86.ActiveCfg = Release|Any CPU
	EndGlobalSection
	GlobalSection(NestedProjects) = preSolution
		{1F4EEEDC-6CCF-433E-9A8F-10EAE4FCAEDF} = {FD7F946E-77D3-4339-AD3B-CEB358B903D6}
		{C14474D2-1E17-4A56-A5F0-D931C2C5D0CF} = {FD7F946E-77D3-4339-AD3B-CEB358B903D6}
		{CE82F5E5-2BA9-4D2E-9E7A-2DA9A3877661} = {FD7F946E-77D3-4339-AD3B-CEB358B903D6}
		{0BC38DB7-6254-41F4-B1AA-2F1319EDBE72} = {FD7F946E-77D3-4339-AD3B-CEB358B903D6}
		{92071E00-4300-424A-AB63-9CDB896AD5ED} = {FD7F946E-77D3-4339-AD3B-CEB358B903D6}
	EndGlobalSection
	GlobalSection(SolutionProperties) = preSolution
		HideSolutionNode = FALSE
	EndGlobalSection
EndGlobal
